
Microsoft Visual Studio Solution File, Format Version 12.00
# Visual Studio 15
Project("{FAE04EC0-301F-11D3-BF4B-00C04F79EFBC}") = "Assembly-CSharp", "Assembly-CSharp.csproj", "{8138F823-1DC5-E6F5-9C9A-8658B1F5EA77}"
EndProject
Global
	GlobalSection(SolutionConfigurationPlatforms) = preSolution
		Debug|Any CPU = Debug|Any CPU
		Release|Any CPU = Release|Any CPU
	EndGlobalSection
	GlobalSection(ProjectConfigurationPlatforms) = postSolution
		{8138F823-1DC5-E6F5-9C9A-8658B1F5EA77}.Debug|Any CPU.ActiveCfg = Debug|Any CPU
		{8138F823-1DC5-E6F5-9C9A-8658B1F5EA77}.Debug|Any CPU.Build.0 = Debug|Any CPU
		{8138F823-1DC5-E6F5-9C9A-8658B1F5EA77}.Release|Any CPU.ActiveCfg = Release|Any CPU
		{8138F823-1DC5-E6F5-9C9A-8658B1F5EA77}.Release|Any CPU.Build.0 = Release|Any CPU
	EndGlobalSection
	GlobalSection(SolutionProperties) = preSolution
		HideSolutionNode = FALSE
	EndGlobalSection
EndGlobal
